
Microsoft Visual Studio Solution File, Format Version 12.00
# Visual Studio Version 17
VisualStudioVersion = 17.7.34202.233
MinimumVisualStudioVersion = 10.0.40219.1
Project("{FAE04EC0-301F-11D3-BF4B-00C04F79EFBC}") = "UD5T2", "UD5T2.csproj", "{ADA44E71-34F8-4200-839B-1B4486A6916C}"
EndProject
Global
	GlobalSection(SolutionConfigurationPlatforms) = preSolution
		Debug|Any CPU = Debug|Any CPU
		Release|Any CPU = Release|Any CPU
	EndGlobalSection
	GlobalSection(ProjectConfigurationPlatforms) = postSolution
		{ADA44E71-34F8-4200-839B-1B4486A6916C}.Debug|Any CPU.ActiveCfg = Debug|Any CPU
		{ADA44E71-34F8-4200-839B-1B4486A6916C}.Debug|Any CPU.Build.0 = Debug|Any CPU
		{ADA44E71-34F8-4200-839B-1B4486A6916C}.Debug|Any CPU.Deploy.0 = Debug|Any CPU
		{ADA44E71-34F8-4200-839B-1B4486A6916C}.Release|Any CPU.ActiveCfg = Release|Any CPU
		{ADA44E71-34F8-4200-839B-1B4486A6916C}.Release|Any CPU.Build.0 = Release|Any CPU
		{ADA44E71-34F8-4200-839B-1B4486A6916C}.Release|Any CPU.Deploy.0 = Release|Any CPU
	EndGlobalSection
	GlobalSection(SolutionProperties) = preSolution
		HideSolutionNode = FALSE
	EndGlobalSection
	GlobalSection(ExtensibilityGlobals) = postSolution
		SolutionGuid = {CA120C53-62C8-456B-BCDF-D22961C95BE9}
	EndGlobalSection
EndGlobal
